
Microsoft Visual Studio Solution File, Format Version 12.00
# Visual Studio Version 16
VisualStudioVersion = 16.0.32106.194
MinimumVisualStudioVersion = 10.0.40219.1
Project("{FAE04EC0-301F-11D3-BF4B-00C04F79EFBC}") = "TP5MVC", "TP5MVC\TP5MVC.csproj", "{C7C78C8D-9D4D-4B1E-A349-94134517AEC5}"
EndProject
Global
	GlobalSection(SolutionConfigurationPlatforms) = preSolution
		Debug|Any CPU = Debug|Any CPU
		Release|Any CPU = Release|Any CPU
	EndGlobalSection
	GlobalSection(ProjectConfigurationPlatforms) = postSolution
		{C7C78C8D-9D4D-4B1E-A349-94134517AEC5}.Debug|Any CPU.ActiveCfg = Debug|Any CPU
		{C7C78C8D-9D4D-4B1E-A349-94134517AEC5}.Debug|Any CPU.Build.0 = Debug|Any CPU
		{C7C78C8D-9D4D-4B1E-A349-94134517AEC5}.Release|Any CPU.ActiveCfg = Release|Any CPU
		{C7C78C8D-9D4D-4B1E-A349-94134517AEC5}.Release|Any CPU.Build.0 = Release|Any CPU
	EndGlobalSection
	GlobalSection(SolutionProperties) = preSolution
		HideSolutionNode = FALSE
	EndGlobalSection
	GlobalSection(ExtensibilityGlobals) = postSolution
		SolutionGuid = {65EC2037-219A-4B80-847A-158FEC4621E7}
	EndGlobalSection
EndGlobal
